{
  "originHash" : "f0bb32c3d856718e637d0f309e8eb68fdf62dcacfd2f823753789f08ac0247d2",
  "pins" : [
    {
      "identity" : "bigint",
      "kind" : "remoteSourceControl",
      "location" : "https://github.com/attaswift/BigInt.git",
      "state" : {
        "revision" : "e07e00fa1fd435143a2dcf8b7eec9a7710b2fdfe",
        "version" : "5.7.0"
      }
    },
    {
      "identity" : "ivorabc",
      "kind" : "remoteSourceControl",
      "location" : "https://github.com/eBardX/IvorABC.git",
      "state" : {
        "branch" : "main",
        "revision" : "fce7ef5655849f836a178686f52f09c5e57badc2"
      }
    },
    {
      "identity" : "ivorextern",
      "kind" : "remoteSourceControl",
      "location" : "https://github.com/eBardX/IvorExtern.git",
      "state" : {
        "branch" : "main",
        "revision" : "d20a3919ae23ccea62cc28946ddf251a34c68dea"
      }
    },
    {
      "identity" : "ivorguido",
      "kind" : "remoteSourceControl",
      "location" : "https://github.com/eBardX/IvorGuido.git",
      "state" : {
        "branch" : "main",
        "revision" : "8f8abe9edb08cf3f41f16a99e552f3e26974900a"
      }
    },
    {
      "identity" : "ivorjohnnysonic",
      "kind" : "remoteSourceControl",
      "location" : "https://github.com/eBardX/IvorJohnnySonic.git",
      "state" : {
        "branch" : "main",
        "revision" : "aa106f4f147d0b9932b59db7eb41860bc4920d47"
      }
    },
    {
      "identity" : "ivormidi",
      "kind" : "remoteSourceControl",
      "location" : "https://github.com/eBardX/IvorMIDI.git",
      "state" : {
        "branch" : "main",
        "revision" : "a7d297127447fedb75d5e816554b8e5bc56fe515"
      }
    },
    {
      "identity" : "ivormodel",
      "kind" : "remoteSourceControl",
      "location" : "https://github.com/eBardX/IvorModel.git",
      "state" : {
        "branch" : "main",
        "revision" : "5fa9fbbac1a7e90242b1cb2800f735638b83900a"
      }
    },
    {
      "identity" : "ivormusicxml",
      "kind" : "remoteSourceControl",
      "location" : "https://github.com/eBardX/IvorMusicXML.git",
      "state" : {
        "branch" : "main",
        "revision" : "f64f8f18673ddf8a96eaaa52e5f994d06b930c61"
      }
    },
    {
      "identity" : "ivortiming",
      "kind" : "remoteSourceControl",
      "location" : "https://github.com/eBardX/IvorTiming.git",
      "state" : {
        "branch" : "main",
        "revision" : "82cc0369b9a2dfede5757084484877aeea74950e"
      }
    },
    {
      "identity" : "ivortuning",
      "kind" : "remoteSourceControl",
      "location" : "https://github.com/eBardX/IvorTuning.git",
      "state" : {
        "branch" : "main",
        "revision" : "ea52ca02324d8c9b6325cc72c98faea07a994761"
      }
    },
    {
      "identity" : "swift-argument-parser",
      "kind" : "remoteSourceControl",
      "location" : "https://github.com/apple/swift-argument-parser.git",
      "state" : {
        "revision" : "626b5b7b2f45e1b0b1c6f4a309296d1d21d7311b",
        "version" : "1.7.1"
      }
    },
    {
      "identity" : "swift-numerics",
      "kind" : "remoteSourceControl",
      "location" : "https://github.com/apple/swift-numerics",
      "state" : {
        "revision" : "0c0290ff6b24942dadb83a929ffaaa1481df04a2",
        "version" : "1.1.1"
      }
    },
    {
      "identity" : "xestimarkov",
      "kind" : "remoteSourceControl",
      "location" : "https://github.com/eBardX/XestiMarkov.git",
      "state" : {
        "revision" : "b3bc27d2132a855b23c195016c026c471ba734a5",
        "version" : "3.0.0"
      }
    },
    {
      "identity" : "xestinumbers",
      "kind" : "remoteSourceControl",
      "location" : "https://github.com/eBardX/XestiNumbers.git",
      "state" : {
        "revision" : "979384115f21e178c0dbdad6c92645ba9cc28001",
        "version" : "1.0.1"
      }
    },
    {
      "identity" : "xestisexp",
      "kind" : "remoteSourceControl",
      "location" : "https://github.com/eBardX/XestiSexp.git",
      "state" : {
        "revision" : "8be516e1751a39a4f39964a324aa4aa76abe80b0",
        "version" : "4.1.3"
      }
    },
    {
      "identity" : "xestitext",
      "kind" : "remoteSourceControl",
      "location" : "https://github.com/eBardX/XestiText.git",
      "state" : {
        "revision" : "a7eb4d59c0309e91e3a4680c9e7f87765b003217",
        "version" : "4.0.4"
      }
    },
    {
      "identity" : "xestitokens",
      "kind" : "remoteSourceControl",
      "location" : "https://github.com/eBardX/XestiTokens.git",
      "state" : {
        "revision" : "23c56250fb90b3f4255f7745d8fa7232335d5b44",
        "version" : "1.1.1"
      }
    },
    {
      "identity" : "xestitools",
      "kind" : "remoteSourceControl",
      "location" : "https://github.com/eBardX/XestiTools.git",
      "state" : {
        "revision" : "ca57209e8adf03b22828c9c8d169ce70a845c573",
        "version" : "7.4.1"
      }
    },
    {
      "identity" : "xestixml",
      "kind" : "remoteSourceControl",
      "location" : "https://github.com/eBardX/XestiXML.git",
      "state" : {
        "revision" : "e53542addf43c3849f4afafcdd16994270c11c26",
        "version" : "4.0.4"
      }
    },
    {
      "identity" : "zipfoundation",
      "kind" : "remoteSourceControl",
      "location" : "https://github.com/weichsel/ZIPFoundation.git",
      "state" : {
        "revision" : "22787ffb59de99e5dc1fbfe80b19c97a904ad48d",
        "version" : "0.9.20"
      }
    }
  ],
  "version" : 3
}
